
Microsoft Visual Studio Solution File, Format Version 12.00
# Visual Studio Version 17
VisualStudioVersion = 17.2.32616.157
MinimumVisualStudioVersion = 10.0.40219.1
Project("{FAE04EC0-301F-11D3-BF4B-00C04F79EFBC}") = "EventsApplication", "EventsApplication.csproj", "{0158060C-BC40-47F8-A2AE-D28D972F18A7}"
EndProject
Project("{FAE04EC0-301F-11D3-BF4B-00C04F79EFBC}") = "EventsLibrary", "Events\EventsLibrary.csproj", "{2FD9A65C-5A27-4A43-B510-D0D62CFC90FA}"
EndProject
Project("{FAE04EC0-301F-11D3-BF4B-00C04F79EFBC}") = "EventsApplication.Services", "EventsApplication.Services\EventsApplication.Services.csproj", "{2652275E-E31B-4602-B21E-814B1757403D}"
EndProject
Global
	GlobalSection(SolutionConfigurationPlatforms) = preSolution
		Debug|Any CPU = Debug|Any CPU
		Release|Any CPU = Release|Any CPU
	EndGlobalSection
	GlobalSection(ProjectConfigurationPlatforms) = postSolution
		{0158060C-BC40-47F8-A2AE-D28D972F18A7}.Debug|Any CPU.ActiveCfg = Debug|Any CPU
		{0158060C-BC40-47F8-A2AE-D28D972F18A7}.Debug|Any CPU.Build.0 = Debug|Any CPU
		{0158060C-BC40-47F8-A2AE-D28D972F18A7}.Release|Any CPU.ActiveCfg = Release|Any CPU
		{0158060C-BC40-47F8-A2AE-D28D972F18A7}.Release|Any CPU.Build.0 = Release|Any CPU
		{2FD9A65C-5A27-4A43-B510-D0D62CFC90FA}.Debug|Any CPU.ActiveCfg = Debug|Any CPU
		{2FD9A65C-5A27-4A43-B510-D0D62CFC90FA}.Debug|Any CPU.Build.0 = Debug|Any CPU
		{2FD9A65C-5A27-4A43-B510-D0D62CFC90FA}.Release|Any CPU.ActiveCfg = Release|Any CPU
		{2FD9A65C-5A27-4A43-B510-D0D62CFC90FA}.Release|Any CPU.Build.0 = Release|Any CPU
		{2652275E-E31B-4602-B21E-814B1757403D}.Debug|Any CPU.ActiveCfg = Debug|Any CPU
		{2652275E-E31B-4602-B21E-814B1757403D}.Debug|Any CPU.Build.0 = Debug|Any CPU
		{2652275E-E31B-4602-B21E-814B1757403D}.Release|Any CPU.ActiveCfg = Release|Any CPU
		{2652275E-E31B-4602-B21E-814B1757403D}.Release|Any CPU.Build.0 = Release|Any CPU
	EndGlobalSection
	GlobalSection(SolutionProperties) = preSolution
		HideSolutionNode = FALSE
	EndGlobalSection
	GlobalSection(ExtensibilityGlobals) = postSolution
		SolutionGuid = {8D173B0A-342F-4169-AF9C-4F9699F7F01A}
	EndGlobalSection
EndGlobal
